github.com/u-root/u-root v7.0.0+incompatible h1:u+KSS04pSxJGI5E7WE4Bs9+Zd75QjFv+REkjy/aoAc8=
github.com/u-root/u-root v7.0.0+incompatible/go.mod h1:RYkpo8pTHrNjW08opNd/U6p/RJE7K0D8fXO0d47+3YY=
golang.org/x/sys v0.0.0-20210314195730-07df6a141424 h1:+39ahH47SWi1PhMRAHfIrm8f69HRZ5K2koXH6dmO8TQ=
golang.org/x/sys v0.0.0-20210314195730-07df6a141424/go.mod h1:h1NjWce9XRLGQEsW7wpKNCjG9DtNlClVuFLEZdDNbEs=
